{
  "requires": true,
  "lockfileVersion": 1,
  "dependencies": {
    "vodal": {
      "version": "2.4.0",
      "resolved": "https://mirrors.huaweicloud.com/repository/npm/vodal/-/vodal-2.4.0.tgz",
      "integrity": "sha512-oUrSy80Y3uE8VSSFv0fSHd7B3BZQzynvf1ZQZf3CFl8bwjDzO5UwjUFj/rEEGMSHXfk7fRjbj+NdHVsZObUkPA=="
    }
  }
}
